PODS:
  - KWVerificationCodeView (0.4.0)

DEPENDENCIES:
  - KWVerificationCodeView (from `../`)

EXTERNAL SOURCES:
  KWVerificationCodeView:
    :path: "../"

SPEC CHECKSUMS:
  KWVerificationCodeView: 92cca6ad028546d3232fa75cda3a40d00109a1a2

PODFILE CHECKSUM: a645833ad18a0280b37da5a68acc71d6b5d1415d

COCOAPODS: 1.10.1
